// !$*UTF8*$!
{
	archiveVersion = 1;
	classes = {
	};
	objectVersion = 50;
	objects = {

/* Begin PBXBuildFile section */
		609691B92224E53D0077436A /* WebKit.framework in Frameworks */ = {isa = PBXBuildFile; fileRef = 609691B82224E53D0077436A /* WebKit.framework */; };
		609692852225119E0077436A /* LaunchScreen.strings in Resources */ = {isa = PBXBuildFile; fileRef = 6096924D2225119E0077436A /* LaunchScreen.strings */; };
		609692862225119E0077436A /* Main.strings in Resources */ = {isa = PBXBuildFile; fileRef = 6096924F2225119E0077436A /* Main.strings */; };
		609692872225119E0077436A /* WebViewController_t.m in Sources */ = {isa = PBXBuildFile; fileRef = 609692542225119E0077436A /* WebViewController_t.m */; };
		609692882225119E0077436A /* ActivityView_t.m in Sources */ = {isa = PBXBuildFile; fileRef = 609692562225119E0077436A /* ActivityView_t.m */; };
		609692892225119E0077436A /* WebView_t.m in Sources */ = {isa = PBXBuildFile; fileRef = 609692592225119E0077436A /* WebView_t.m */; };
		6096928A2225119E0077436A /* Right_t.png in Resources */ = {isa = PBXBuildFile; fileRef = 6096925D2225119E0077436A /* Right_t.png */; };
		6096928B2225119E0077436A /* Right_t@2x.png in Resources */ = {isa = PBXBuildFile; fileRef = 6096925E2225119E0077436A /* Right_t@2x.png */; };
		6096928C2225119E0077436A /* Right_t@3x.png in Resources */ = {isa = PBXBuildFile; fileRef = 6096925F2225119E0077436A /* Right_t@3x.png */; };
		6096928D2225119E0077436A /* WebViewLocalized.strings in Resources */ = {isa = PBXBuildFile; fileRef = 609692602225119E0077436A /* WebViewLocalized.strings */; };
		6096928E2225119E0077436A /* Home_t@3x.png in Resources */ = {isa = PBXBuildFile; fileRef = 609692632225119E0077436A /* Home_t@3x.png */; };
		6096928F2225119E0077436A /* Home_t.png in Resources */ = {isa = PBXBuildFile; fileRef = 609692642225119E0077436A /* Home_t.png */; };
		609692902225119E0077436A /* Home_t@2x.png in Resources */ = {isa = PBXBuildFile; fileRef = 609692652225119E0077436A /* Home_t@2x.png */; };
		609692912225119E0077436A /* Refresh_t@3x.png in Resources */ = {isa = PBXBuildFile; fileRef = 609692682225119E0077436A /* Refresh_t@3x.png */; };
		609692922225119E0077436A /* Refresh_t@2x.png in Resources */ = {isa = PBXBuildFile; fileRef = 609692692225119E0077436A /* Refresh_t@2x.png */; };
		609692932225119E0077436A /* Refresh_t.png in Resources */ = {isa = PBXBuildFile; fileRef = 6096926A2225119E0077436A /* Refresh_t.png */; };
		609692942225119E0077436A /* Left_t.png in Resources */ = {isa = PBXBuildFile; fileRef = 6096926C2225119E0077436A /* Left_t.png */; };
		609692952225119E0077436A /* Left_t@2x.png in Resources */ = {isa = PBXBuildFile; fileRef = 6096926D2225119E0077436A /* Left_t@2x.png */; };
		609692962225119E0077436A /* Left_t@3x.png in Resources */ = {isa = PBXBuildFile; fileRef = 6096926E2225119E0077436A /* Left_t@3x.png */; };
		609692972225119E0077436A /* Stop_t.png in Resources */ = {isa = PBXBuildFile; fileRef = 609692702225119E0077436A /* Stop_t.png */; };
		609692982225119E0077436A /* Stop_t@3x.png in Resources */ = {isa = PBXBuildFile; fileRef = 609692712225119E0077436A /* Stop_t@3x.png */; };
		609692992225119E0077436A /* Stop_t@2x.png in Resources */ = {isa = PBXBuildFile; fileRef = 609692722225119E0077436A /* Stop_t@2x.png */; };
		6096929A2225119E0077436A /* Menu_t.png in Resources */ = {isa = PBXBuildFile; fileRef = 609692772225119E0077436A /* Menu_t.png */; };
		6096929B2225119E0077436A /* Menu_t@2x.png in Resources */ = {isa = PBXBuildFile; fileRef = 609692782225119E0077436A /* Menu_t@2x.png */; };
		6096929C2225119E0077436A /* Menu_t@3x.png in Resources */ = {isa = PBXBuildFile; fileRef = 609692792225119E0077436A /* Menu_t@3x.png */; };
		6096929D2225119E0077436A /* Assets.xcassets in Resources */ = {isa = PBXBuildFile; fileRef = 6096927B2225119E0077436A /* Assets.xcassets */; };
		6096929E2225119E0077436A /* ViewController.m in Sources */ = {isa = PBXBuildFile; fileRef = 6096927C2225119E0077436A /* ViewController.m */; };
		6096929F2225119E0077436A /* LaunchScreen.storyboard in Resources */ = {isa = PBXBuildFile; fileRef = 6096927D2225119E0077436A /* LaunchScreen.storyboard */; };
		609692A02225119E0077436A /* Main.storyboard in Resources */ = {isa = PBXBuildFile; fileRef = 6096927F2225119E0077436A /* Main.storyboard */; };
		609692A12225119E0077436A /* main.m in Sources */ = {isa = PBXBuildFile; fileRef = 609692812225119E0077436A /* main.m */; };
		609692A22225119E0077436A /* AppDelegate.m in Sources */ = {isa = PBXBuildFile; fileRef = 609692822225119E0077436A /* AppDelegate.m */; };
/* End PBXBuildFile section */

/* Begin PBXFileReference section */
		6096916D2224E03F0077436A /* WebViewConterllor.app */ = {isa = PBXFileReference; explicitFileType = wrapper.application; includeInIndex = 0; path = WebViewConterllor.app; sourceTree = BUILT_PRODUCTS_DIR; };
		609691B82224E53D0077436A /* WebKit.framework */ = {isa = PBXFileReference; lastKnownFileType = wrapper.framework; name = WebKit.framework; path = System/Library/Frameworks/WebKit.framework; sourceTree = SDKROOT; };
		6096924E2225119E0077436A /* zh-Hans */ = {isa = PBXFileReference; lastKnownFileType = text.plist.strings; name = "zh-Hans"; path = "zh-Hans.lproj/LaunchScreen.strings"; sourceTree = "<group>"; };
		609692502225119E0077436A /* zh-Hans */ = {isa = PBXFileReference; lastKnownFileType = text.plist.strings; name = "zh-Hans"; path = "zh-Hans.lproj/Main.strings"; sourceTree = "<group>"; };
		609692532225119E0077436A /* WebViewController_t.h */ = {isa = PBXFileReference; fileEncoding = 4; lastKnownFileType = sourcecode.c.h; path = WebViewController_t.h; sourceTree = "<group>"; };
		609692542225119E0077436A /* WebViewController_t.m */ = {isa = PBXFileReference; fileEncoding = 4; lastKnownFileType = sourcecode.c.objc; path = WebViewController_t.m; sourceTree = "<group>"; };
		609692562225119E0077436A /* ActivityView_t.m */ = {isa = PBXFileReference; fileEncoding = 4; lastKnownFileType = sourcecode.c.objc; path = ActivityView_t.m; sourceTree = "<group>"; };
		609692572225119E0077436A /* ActivityView_t.h */ = {isa = PBXFileReference; fileEncoding = 4; lastKnownFileType = sourcecode.c.h; path = ActivityView_t.h; sourceTree = "<group>"; };
		609692592225119E0077436A /* WebView_t.m */ = {isa = PBXFileReference; fileEncoding = 4; lastKnownFileType = sourcecode.c.objc; path = WebView_t.m; sourceTree = "<group>"; };
		6096925A2225119E0077436A /* WebView_t.h */ = {isa = PBXFileReference; fileEncoding = 4; lastKnownFileType = sourcecode.c.h; path = WebView_t.h; sourceTree = "<group>"; };
		6096925D2225119E0077436A /* Right_t.png */ = {isa = PBXFileReference; lastKnownFileType = image.png; path = Right_t.png; sourceTree = "<group>"; };
		6096925E2225119E0077436A /* Right_t@2x.png */ = {isa = PBXFileReference; lastKnownFileType = image.png; path = "Right_t@2x.png"; sourceTree = "<group>"; };
		6096925F2225119E0077436A /* Right_t@3x.png */ = {isa = PBXFileReference; lastKnownFileType = image.png; path = "Right_t@3x.png"; sourceTree = "<group>"; };
		609692612225119E0077436A /* zh-Hans */ = {isa = PBXFileReference; lastKnownFileType = text.plist.strings; name = "zh-Hans"; path = "zh-Hans.lproj/WebViewLocalized.strings"; sourceTree = "<group>"; };
		609692632225119E0077436A /* Home_t@3x.png */ = {isa = PBXFileReference; lastKnownFileType = image.png; path = "Home_t@3x.png"; sourceTree = "<group>"; };
		609692642225119E0077436A /* Home_t.png */ = {isa = PBXFileReference; lastKnownFileType = image.png; path = Home_t.png; sourceTree = "<group>"; };
		609692652225119E0077436A /* Home_t@2x.png */ = {isa = PBXFileReference; lastKnownFileType = image.png; path = "Home_t@2x.png"; sourceTree = "<group>"; };
		609692662225119E0077436A /* en */ = {isa = PBXFileReference; lastKnownFileType = text.plist.strings; name = en; path = en.lproj/WebViewLocalized.strings; sourceTree = "<group>"; };
		609692682225119E0077436A /* Refresh_t@3x.png */ = {isa = PBXFileReference; lastKnownFileType = image.png; path = "Refresh_t@3x.png"; sourceTree = "<group>"; };
		609692692225119E0077436A /* Refresh_t@2x.png */ = {isa = PBXFileReference; lastKnownFileType = image.png; path = "Refresh_t@2x.png"; sourceTree = "<group>"; };
		6096926A2225119E0077436A /* Refresh_t.png */ = {isa = PBXFileReference; lastKnownFileType = image.png; path = Refresh_t.png; sourceTree = "<group>"; };
		6096926C2225119E0077436A /* Left_t.png */ = {isa = PBXFileReference; lastKnownFileType = image.png; path = Left_t.png; sourceTree = "<group>"; };
		6096926D2225119E0077436A /* Left_t@2x.png */ = {isa = PBXFileReference; lastKnownFileType = image.png; path = "Left_t@2x.png"; sourceTree = "<group>"; };
		6096926E2225119E0077436A /* Left_t@3x.png */ = {isa = PBXFileReference; lastKnownFileType = image.png; path = "Left_t@3x.png"; sourceTree = "<group>"; };
		609692702225119E0077436A /* Stop_t.png */ = {isa = PBXFileReference; lastKnownFileType = image.png; path = Stop_t.png; sourceTree = "<group>"; };
		609692712225119E0077436A /* Stop_t@3x.png */ = {isa = PBXFileReference; lastKnownFileType = image.png; path = "Stop_t@3x.png"; sourceTree = "<group>"; };
		609692722225119E0077436A /* Stop_t@2x.png */ = {isa = PBXFileReference; lastKnownFileType = image.png; path = "Stop_t@2x.png"; sourceTree = "<group>"; };
		609692772225119E0077436A /* Menu_t.png */ = {isa = PBXFileReference; lastKnownFileType = image.png; path = Menu_t.png; sourceTree = "<group>"; };
		609692782225119E0077436A /* Menu_t@2x.png */ = {isa = PBXFileReference; lastKnownFileType = image.png; path = "Menu_t@2x.png"; sourceTree = "<group>"; };
		609692792225119E0077436A /* Menu_t@3x.png */ = {isa = PBXFileReference; lastKnownFileType = image.png; path = "Menu_t@3x.png"; sourceTree = "<group>"; };
		6096927A2225119E0077436A /* AppDelegate.h */ = {isa = PBXFileReference; fileEncoding = 4; lastKnownFileType = sourcecode.c.h; path = AppDelegate.h; sourceTree = "<group>"; };
		6096927B2225119E0077436A /* Assets.xcassets */ = {isa = PBXFileReference; lastKnownFileType = folder.assetcatalog; path = Assets.xcassets; sourceTree = "<group>"; };
		6096927C2225119E0077436A /* ViewController.m */ = {isa = PBXFileReference; fileEncoding = 4; lastKnownFileType = sourcecode.c.objc; path = ViewController.m; sourceTree = "<group>"; };
		6096927E2225119E0077436A /* Base */ = {isa = PBXFileReference; lastKnownFileType = file.storyboard; name = Base; path = Base.lproj/LaunchScreen.storyboard; sourceTree = "<group>"; };
		609692802225119E0077436A /* Base */ = {isa = PBXFileReference; lastKnownFileType = file.storyboard; name = Base; path = Base.lproj/Main.storyboard; sourceTree = "<group>"; };
		609692812225119E0077436A /* main.m */ = {isa = PBXFileReference; fileEncoding = 4; lastKnownFileType = sourcecode.c.objc; path = main.m; sourceTree = "<group>"; };
		609692822225119E0077436A /* AppDelegate.m */ = {isa = PBXFileReference; fileEncoding = 4; lastKnownFileType = sourcecode.c.objc; path = AppDelegate.m; sourceTree = "<group>"; };
		609692832225119E0077436A /* Info.plist */ = {isa = PBXFileReference; fileEncoding = 4; lastKnownFileType = text.plist.xml; path = Info.plist; sourceTree = "<group>"; };
		609692842225119E0077436A /* ViewController.h */ = {isa = PBXFileReference; fileEncoding = 4; lastKnownFileType = sourcecode.c.h; path = ViewController.h; sourceTree = "<group>"; };
/* End PBXFileReference section */

/* Begin PBXFrameworksBuildPhase section */
		6096916A2224E03F0077436A /* Frameworks */ = {
			isa = PBXFrameworksBuildPhase;
			buildActionMask = 2147483647;
			files = (
				609691B92224E53D0077436A /* WebKit.framework in Frameworks */,
			);
			runOnlyForDeploymentPostprocessing = 0;
		};
/* End PBXFrameworksBuildPhase section */

/* Begin PBXGroup section */
		609691642224E03F0077436A = {
			isa = PBXGroup;
			children = (
				6096924C2225119E0077436A /* WebViewControllor */,
				6096916E2224E03F0077436A /* Products */,
				609691B72224E53D0077436A /* Frameworks */,
			);
			sourceTree = "<group>";
		};
		6096916E2224E03F0077436A /* Products */ = {
			isa = PBXGroup;
			children = (
				6096916D2224E03F0077436A /* WebViewConterllor.app */,
			);
			name = Products;
			sourceTree = "<group>";
		};
		609691B72224E53D0077436A /* Frameworks */ = {
			isa = PBXGroup;
			children = (
				609691B82224E53D0077436A /* WebKit.framework */,
			);
			name = Frameworks;
			sourceTree = "<group>";
		};
		6096924C2225119E0077436A /* WebViewControllor */ = {
			isa = PBXGroup;
			children = (
				6096924D2225119E0077436A /* LaunchScreen.strings */,
				6096924F2225119E0077436A /* Main.strings */,
				609692512225119E0077436A /* WebViewController */,
				6096927A2225119E0077436A /* AppDelegate.h */,
				6096927B2225119E0077436A /* Assets.xcassets */,
				6096927C2225119E0077436A /* ViewController.m */,
				6096927D2225119E0077436A /* LaunchScreen.storyboard */,
				6096927F2225119E0077436A /* Main.storyboard */,
				609692812225119E0077436A /* main.m */,
				609692822225119E0077436A /* AppDelegate.m */,
				609692832225119E0077436A /* Info.plist */,
				609692842225119E0077436A /* ViewController.h */,
			);
			path = WebViewControllor;
			sourceTree = "<group>";
		};
		609692512225119E0077436A /* WebViewController */ = {
			isa = PBXGroup;
			children = (
				609692522225119E0077436A /* WebViewController */,
				609692552225119E0077436A /* ActivityView */,
				609692582225119E0077436A /* WebView_t */,
				6096925B2225119E0077436A /* Resource */,
			);
			path = WebViewController;
			sourceTree = "<group>";
		};
		609692522225119E0077436A /* WebViewController */ = {
			isa = PBXGroup;
			children = (
				609692532225119E0077436A /* WebViewController_t.h */,
				609692542225119E0077436A /* WebViewController_t.m */,
			);
			path = WebViewController;
			sourceTree = "<group>";
		};
		609692552225119E0077436A /* ActivityView */ = {
			isa = PBXGroup;
			children = (
				609692562225119E0077436A /* ActivityView_t.m */,
				609692572225119E0077436A /* ActivityView_t.h */,
			);
			path = ActivityView;
			sourceTree = "<group>";
		};
		609692582225119E0077436A /* WebView_t */ = {
			isa = PBXGroup;
			children = (
				609692592225119E0077436A /* WebView_t.m */,
				6096925A2225119E0077436A /* WebView_t.h */,
			);
			path = WebView_t;
			sourceTree = "<group>";
		};
		6096925B2225119E0077436A /* Resource */ = {
			isa = PBXGroup;
			children = (
				6096925C2225119E0077436A /* Right */,
				609692602225119E0077436A /* WebViewLocalized.strings */,
				609692622225119E0077436A /* Home */,
				609692672225119E0077436A /* Refresh */,
				6096926B2225119E0077436A /* Left */,
				6096926F2225119E0077436A /* Stop */,
				609692732225119E0077436A /* Clean */,
				609692742225119E0077436A /* Link */,
				609692752225119E0077436A /* Safari */,
				609692762225119E0077436A /* Menu */,
			);
			path = Resource;
			sourceTree = "<group>";
		};
		6096925C2225119E0077436A /* Right */ = {
			isa = PBXGroup;
			children = (
				6096925D2225119E0077436A /* Right_t.png */,
				6096925E2225119E0077436A /* Right_t@2x.png */,
				6096925F2225119E0077436A /* Right_t@3x.png */,
			);
			path = Right;
			sourceTree = "<group>";
		};
		609692622225119E0077436A /* Home */ = {
			isa = PBXGroup;
			children = (
				609692632225119E0077436A /* Home_t@3x.png */,
				609692642225119E0077436A /* Home_t.png */,
				609692652225119E0077436A /* Home_t@2x.png */,
			);
			path = Home;
			sourceTree = "<group>";
		};
		609692672225119E0077436A /* Refresh */ = {
			isa = PBXGroup;
			children = (
				609692682225119E0077436A /* Refresh_t@3x.png */,
				609692692225119E0077436A /* Refresh_t@2x.png */,
				6096926A2225119E0077436A /* Refresh_t.png */,
			);
			path = Refresh;
			sourceTree = "<group>";
		};
		6096926B2225119E0077436A /* Left */ = {
			isa = PBXGroup;
			children = (
				6096926C2225119E0077436A /* Left_t.png */,
				6096926D2225119E0077436A /* Left_t@2x.png */,
				6096926E2225119E0077436A /* Left_t@3x.png */,
			);
			path = Left;
			sourceTree = "<group>";
		};
		6096926F2225119E0077436A /* Stop */ = {
			isa = PBXGroup;
			children = (
				609692702225119E0077436A /* Stop_t.png */,
				609692712225119E0077436A /* Stop_t@3x.png */,
				609692722225119E0077436A /* Stop_t@2x.png */,
			);
			path = Stop;
			sourceTree = "<group>";
		};
		609692732225119E0077436A /* Clean */ = {
			isa = PBXGroup;
			children = (
			);
			path = Clean;
			sourceTree = "<group>";
		};
		609692742225119E0077436A /* Link */ = {
			isa = PBXGroup;
			children = (
			);
			path = Link;
			sourceTree = "<group>";
		};
		609692752225119E0077436A /* Safari */ = {
			isa = PBXGroup;
			children = (
			);
			path = Safari;
			sourceTree = "<group>";
		};
		609692762225119E0077436A /* Menu */ = {
			isa = PBXGroup;
			children = (
				609692772225119E0077436A /* Menu_t.png */,
				609692782225119E0077436A /* Menu_t@2x.png */,
				609692792225119E0077436A /* Menu_t@3x.png */,
			);
			path = Menu;
			sourceTree = "<group>";
		};
/* End PBXGroup section */

/* Begin PBXNativeTarget section */
		6096916C2224E03F0077436A /* WebViewConterllor */ = {
			isa = PBXNativeTarget;
			buildConfigurationList = 609691832224E0410077436A /* Build configuration list for PBXNativeTarget "WebViewConterllor" */;
			buildPhases = (
				609691692224E03F0077436A /* Sources */,
				6096916A2224E03F0077436A /* Frameworks */,
				6096916B2224E03F0077436A /* Resources */,
			);
			buildRules = (
			);
			dependencies = (
			);
			name = WebViewConterllor;
			productName = WebViewConterllor;
			productReference = 6096916D2224E03F0077436A /* WebViewConterllor.app */;
			productType = "com.apple.product-type.application";
		};
/* End PBXNativeTarget section */

/* Begin PBXProject section */
		609691652224E03F0077436A /* Project object */ = {
			isa = PBXProject;
			attributes = {
				LastUpgradeCheck = 1010;
				ORGANIZATIONNAME = devfalme;
				TargetAttributes = {
					6096916C2224E03F0077436A = {
						CreatedOnToolsVersion = 10.1;
					};
				};
			};
			buildConfigurationList = 609691682224E03F0077436A /* Build configuration list for PBXProject "WebViewConterllor" */;
			compatibilityVersion = "Xcode 9.3";
			developmentRegion = en;
			hasScannedForEncodings = 0;
			knownRegions = (
				en,
				Base,
				"zh-Hans",
			);
			mainGroup = 609691642224E03F0077436A;
			productRefGroup = 6096916E2224E03F0077436A /* Products */;
			projectDirPath = "";
			projectRoot = "";
			targets = (
				6096916C2224E03F0077436A /* WebViewConterllor */,
			);
		};
/* End PBXProject section */

/* Begin PBXResourcesBuildPhase section */
		6096916B2224E03F0077436A /* Resources */ = {
			isa = PBXResourcesBuildPhase;
			buildActionMask = 2147483647;
			files = (
				6096928B2225119E0077436A /* Right_t@2x.png in Resources */,
				6096929C2225119E0077436A /* Menu_t@3x.png in Resources */,
				6096929D2225119E0077436A /* Assets.xcassets in Resources */,
				609692A02225119E0077436A /* Main.storyboard in Resources */,
				609692992225119E0077436A /* Stop_t@2x.png in Resources */,
				609692982225119E0077436A /* Stop_t@3x.png in Resources */,
				6096928F2225119E0077436A /* Home_t.png in Resources */,
				609692952225119E0077436A /* Left_t@2x.png in Resources */,
				6096929A2225119E0077436A /* Menu_t.png in Resources */,
				609692912225119E0077436A /* Refresh_t@3x.png in Resources */,
				6096929F2225119E0077436A /* LaunchScreen.storyboard in Resources */,
				609692922225119E0077436A /* Refresh_t@2x.png in Resources */,
				6096928A2225119E0077436A /* Right_t.png in Resources */,
				609692972225119E0077436A /* Stop_t.png in Resources */,
				6096928D2225119E0077436A /* WebViewLocalized.strings in Resources */,
				609692932225119E0077436A /* Refresh_t.png in Resources */,
				609692852225119E0077436A /* LaunchScreen.strings in Resources */,
				609692962225119E0077436A /* Left_t@3x.png in Resources */,
				6096928C2225119E0077436A /* Right_t@3x.png in Resources */,
				6096928E2225119E0077436A /* Home_t@3x.png in Resources */,
				609692902225119E0077436A /* Home_t@2x.png in Resources */,
				609692942225119E0077436A /* Left_t.png in Resources */,
				6096929B2225119E0077436A /* Menu_t@2x.png in Resources */,
				609692862225119E0077436A /* Main.strings in Resources */,
			);
			runOnlyForDeploymentPostprocessing = 0;
		};
/* End PBXResourcesBuildPhase section */

/* Begin PBXSourcesBuildPhase section */
		609691692224E03F0077436A /* Sources */ = {
			isa = PBXSourcesBuildPhase;
			buildActionMask = 2147483647;
			files = (
				609692A12225119E0077436A /* main.m in Sources */,
				609692882225119E0077436A /* ActivityView_t.m in Sources */,
				609692A22225119E0077436A /* AppDelegate.m in Sources */,
				609692872225119E0077436A /* WebViewController_t.m in Sources */,
				6096929E2225119E0077436A /* ViewController.m in Sources */,
				609692892225119E0077436A /* WebView_t.m in Sources */,
			);
			runOnlyForDeploymentPostprocessing = 0;
		};
/* End PBXSourcesBuildPhase section */

/* Begin PBXVariantGroup section */
		6096924D2225119E0077436A /* LaunchScreen.strings */ = {
			isa = PBXVariantGroup;
			children = (
				6096924E2225119E0077436A /* zh-Hans */,
			);
			name = LaunchScreen.strings;
			sourceTree = "<group>";
		};
		6096924F2225119E0077436A /* Main.strings */ = {
			isa = PBXVariantGroup;
			children = (
				609692502225119E0077436A /* zh-Hans */,
			);
			name = Main.strings;
			sourceTree = "<group>";
		};
		609692602225119E0077436A /* WebViewLocalized.strings */ = {
			isa = PBXVariantGroup;
			children = (
				609692612225119E0077436A /* zh-Hans */,
				609692662225119E0077436A /* en */,
			);
			name = WebViewLocalized.strings;
			sourceTree = "<group>";
		};
		6096927D2225119E0077436A /* LaunchScreen.storyboard */ = {
			isa = PBXVariantGroup;
			children = (
				6096927E2225119E0077436A /* Base */,
			);
			name = LaunchScreen.storyboard;
			sourceTree = "<group>";
		};
		6096927F2225119E0077436A /* Main.storyboard */ = {
			isa = PBXVariantGroup;
			children = (
				609692802225119E0077436A /* Base */,
			);
			name = Main.storyboard;
			sourceTree = "<group>";
		};
/* End PBXVariantGroup section */

/* Begin XCBuildConfiguration section */
		609691812224E0410077436A /* Debug */ = {
			isa = XCBuildConfiguration;
			buildSettings = {
				ALWAYS_SEARCH_USER_PATHS = NO;
				CLANG_ANALYZER_LOCALIZABILITY_NONLOCALIZED = YES;
				CLANG_ANALYZER_NONNULL = YES;
				CLANG_ANALYZER_NUMBER_OBJECT_CONVERSION = YES_AGGRESSIVE;
				CLANG_CXX_LANGUAGE_STANDARD = "gnu++14";
				CLANG_CXX_LIBRARY = "libc++";
				CLANG_ENABLE_MODULES = YES;
				CLANG_ENABLE_OBJC_ARC = YES;
				CLANG_ENABLE_OBJC_WEAK = YES;
				CLANG_WARN_BLOCK_CAPTURE_AUTORELEASING = YES;
				CLANG_WARN_BOOL_CONVERSION = YES;
				CLANG_WARN_COMMA = YES;
				CLANG_WARN_CONSTANT_CONVERSION = YES;
				CLANG_WARN_DEPRECATED_OBJC_IMPLEMENTATIONS = YES;
				CLANG_WARN_DIRECT_OBJC_ISA_USAGE = YES_ERROR;
				CLANG_WARN_DOCUMENTATION_COMMENTS = YES;
				CLANG_WARN_EMPTY_BODY = YES;
				CLANG_WARN_ENUM_CONVERSION = YES;
				CLANG_WARN_INFINITE_RECURSION = YES;
				CLANG_WARN_INT_CONVERSION = YES;
				CLANG_WARN_NON_LITERAL_NULL_CONVERSION = YES;
				CLANG_WARN_OBJC_IMPLICIT_RETAIN_SELF = YES;
				CLANG_WARN_OBJC_LITERAL_CONVERSION = YES;
				CLANG_WARN_OBJC_ROOT_CLASS = YES_ERROR;
				CLANG_WARN_RANGE_LOOP_ANALYSIS = YES;
				CLANG_WARN_STRICT_PROTOTYPES = YES;
				CLANG_WARN_SUSPICIOUS_MOVE = YES;
				CLANG_WARN_UNGUARDED_AVAILABILITY = YES_AGGRESSIVE;
				CLANG_WARN_UNREACHABLE_CODE = YES;
				CLANG_WARN__DUPLICATE_METHOD_MATCH = YES;
				CODE_SIGN_IDENTITY = "iPhone Developer";
				COPY_PHASE_STRIP = NO;
				DEBUG_INFORMATION_FORMAT = dwarf;
				ENABLE_STRICT_OBJC_MSGSEND = YES;
				ENABLE_TESTABILITY = YES;
				GCC_C_LANGUAGE_STANDARD = gnu11;
				GCC_DYNAMIC_NO_PIC = NO;
				GCC_NO_COMMON_BLOCKS = YES;
				GCC_OPTIMIZATION_LEVEL = 0;
				GCC_PREPROCESSOR_DEFINITIONS = (
					"DEBUG=1",
					"$(inherited)",
				);
				GCC_WARN_64_TO_32_BIT_CONVERSION = YES;
				GCC_WARN_ABOUT_RETURN_TYPE = YES_ERROR;
				GCC_WARN_UNDECLARED_SELECTOR = YES;
				GCC_WARN_UNINITIALIZED_AUTOS = YES_AGGRESSIVE;
				GCC_WARN_UNUSED_FUNCTION = YES;
				GCC_WARN_UNUSED_VARIABLE = YES;
				IPHONEOS_DEPLOYMENT_TARGET = 12.1;
				MTL_ENABLE_DEBUG_INFO = INCLUDE_SOURCE;
				MTL_FAST_MATH = YES;
				ONLY_ACTIVE_ARCH = YES;
				SDKROOT = iphoneos;
			};
			name = Debug;
		};
		609691822224E0410077436A /* Release */ = {
			isa = XCBuildConfiguration;
			buildSettings = {
				ALWAYS_SEARCH_USER_PATHS = NO;
				CLANG_ANALYZER_LOCALIZABILITY_NONLOCALIZED = YES;
				CLANG_ANALYZER_NONNULL = YES;
				CLANG_ANALYZER_NUMBER_OBJECT_CONVERSION = YES_AGGRESSIVE;
				CLANG_CXX_LANGUAGE_STANDARD = "gnu++14";
				CLANG_CXX_LIBRARY = "libc++";
				CLANG_ENABLE_MODULES = YES;
				CLANG_ENABLE_OBJC_ARC = YES;
				CLANG_ENABLE_OBJC_WEAK = YES;
				CLANG_WARN_BLOCK_CAPTURE_AUTORELEASING = YES;
				CLANG_WARN_BOOL_CONVERSION = YES;
				CLANG_WARN_COMMA = YES;
				CLANG_WARN_CONSTANT_CONVERSION = YES;
				CLANG_WARN_DEPRECATED_OBJC_IMPLEMENTATIONS = YES;
				CLANG_WARN_DIRECT_OBJC_ISA_USAGE = YES_ERROR;
				CLANG_WARN_DOCUMENTATION_COMMENTS = YES;
				CLANG_WARN_EMPTY_BODY = YES;
				CLANG_WARN_ENUM_CONVERSION = YES;
				CLANG_WARN_INFINITE_RECURSION = YES;
				CLANG_WARN_INT_CONVERSION = YES;
				CLANG_WARN_NON_LITERAL_NULL_CONVERSION = YES;
				CLANG_WARN_OBJC_IMPLICIT_RETAIN_SELF = YES;
				CLANG_WARN_OBJC_LITERAL_CONVERSION = YES;
				CLANG_WARN_OBJC_ROOT_CLASS = YES_ERROR;
				CLANG_WARN_RANGE_LOOP_ANALYSIS = YES;
				CLANG_WARN_STRICT_PROTOTYPES = YES;
				CLANG_WARN_SUSPICIOUS_MOVE = YES;
				CLANG_WARN_UNGUARDED_AVAILABILITY = YES_AGGRESSIVE;
				CLANG_WARN_UNREACHABLE_CODE = YES;
				CLANG_WARN__DUPLICATE_METHOD_MATCH = YES;
				CODE_SIGN_IDENTITY = "iPhone Developer";
				COPY_PHASE_STRIP = NO;
				DEBUG_INFORMATION_FORMAT = "dwarf-with-dsym";
				ENABLE_NS_ASSERTIONS = NO;
				ENABLE_STRICT_OBJC_MSGSEND = YES;
				GCC_C_LANGUAGE_STANDARD = gnu11;
				GCC_NO_COMMON_BLOCKS = YES;
				GCC_WARN_64_TO_32_BIT_CONVERSION = YES;
				GCC_WARN_ABOUT_RETURN_TYPE = YES_ERROR;
				GCC_WARN_UNDECLARED_SELECTOR = YES;
				GCC_WARN_UNINITIALIZED_AUTOS = YES_AGGRESSIVE;
				GCC_WARN_UNUSED_FUNCTION = YES;
				GCC_WARN_UNUSED_VARIABLE = YES;
				IPHONEOS_DEPLOYMENT_TARGET = 12.1;
				MTL_ENABLE_DEBUG_INFO = NO;
				MTL_FAST_MATH = YES;
				SDKROOT = iphoneos;
				VALIDATE_PRODUCT = YES;
			};
			name = Release;
		};
		609691842224E0410077436A /* Debug */ = {
			isa = XCBuildConfiguration;
			buildSettings = {
				ASSETCATALOG_COMPILER_APPICON_NAME = AppIcon;
				CODE_SIGN_STYLE = Automatic;
				INFOPLIST_FILE = "$(SRCROOT)/WebViewControllor/Info.plist";
				IPHONEOS_DEPLOYMENT_TARGET = 11.0;
				LD_RUNPATH_SEARCH_PATHS = (
					"$(inherited)",
					"@executable_path/Frameworks",
				);
				PRODUCT_BUNDLE_IDENTIFIER = aaabbbccc.WebViewConterllor;
				PRODUCT_NAME = "$(TARGET_NAME)";
				TARGETED_DEVICE_FAMILY = "1,2";
			};
			name = Debug;
		};
		609691852224E0410077436A /* Release */ = {
			isa = XCBuildConfiguration;
			buildSettings = {
				ASSETCATALOG_COMPILER_APPICON_NAME = AppIcon;
				CODE_SIGN_STYLE = Automatic;
				INFOPLIST_FILE = "$(SRCROOT)/WebViewControllor/Info.plist";
				IPHONEOS_DEPLOYMENT_TARGET = 11.0;
				LD_RUNPATH_SEARCH_PATHS = (
					"$(inherited)",
					"@executable_path/Frameworks",
				);
				PRODUCT_BUNDLE_IDENTIFIER = aaabbbccc.WebViewConterllor;
				PRODUCT_NAME = "$(TARGET_NAME)";
				TARGETED_DEVICE_FAMILY = "1,2";
			};
			name = Release;
		};
/* End XCBuildConfiguration section */

/* Begin XCConfigurationList section */
		609691682224E03F0077436A /* Build configuration list for PBXProject "WebViewConterllor" */ = {
			isa = XCConfigurationList;
			buildConfigurations = (
				609691812224E0410077436A /* Debug */,
				609691822224E0410077436A /* Release */,
			);
			defaultConfigurationIsVisible = 0;
			defaultConfigurationName = Release;
		};
		609691832224E0410077436A /* Build configuration list for PBXNativeTarget "WebViewConterllor" */ = {
			isa = XCConfigurationList;
			buildConfigurations = (
				609691842224E0410077436A /* Debug */,
				609691852224E0410077436A /* Release */,
			);
			defaultConfigurationIsVisible = 0;
			defaultConfigurationName = Release;
		};
/* End XCConfigurationList section */
	};
	rootObject = 609691652224E03F0077436A /* Project object */;
}
